dependencies:
- name: postgresql
  repository: https://charts.bitnami.com/bitnami
  version: 14.0.0
- name: eck-operator
  repository: https://helm.elastic.co
  version: 3.2.0
digest: sha256:471a21e10ee9c541da73d1246a9bdbaf468a4c41127ce8b061abfa8243d79812
generated: "2025-11-08T18:03:22.179963+09:00"
